// !$*UTF8*$!
{
	archiveVersion = 1;
	classes = {
	};
	objectVersion = 56;
	objects = {

/* Begin PBXBuildFile section */
		6F2F469928EF0DA5003CFEBC /* AppDelegate.swift in Sources */ = {isa = PBXBuildFile; fileRef = 6F2F469828EF0DA5003CFEBC /* AppDelegate.swift */; };
		6F2F469B28EF0DA5003CFEBC /* SceneDelegate.swift in Sources */ = {isa = PBXBuildFile; fileRef = 6F2F469A28EF0DA5003CFEBC /* SceneDelegate.swift */; };
		6F2F469D28EF0DA5003CFEBC /* ViewController.swift in Sources */ = {isa = PBXBuildFile; fileRef = 6F2F469C28EF0DA5003CFEBC /* ViewController.swift */; };
		6F2F46A028EF0DA5003CFEBC /* Main.storyboard in Resources */ = {isa = PBXBuildFile; fileRef = 6F2F469E28EF0DA5003CFEBC /* Main.storyboard */; };
		6F2F46A328EF0DA5003CFEBC /* GoMarket.xcdatamodeld in Sources */ = {isa = PBXBuildFile; fileRef = 6F2F46A128EF0DA5003CFEBC /* GoMarket.xcdatamodeld */; };
		6F2F46A528EF0DA7003CFEBC /* Assets.xcassets in Resources */ = {isa = PBXBuildFile; fileRef = 6F2F46A428EF0DA7003CFEBC /* Assets.xcassets */; };
		6F2F46A828EF0DA7003CFEBC /* LaunchScreen.storyboard in Resources */ = {isa = PBXBuildFile; fileRef = 6F2F46A628EF0DA7003CFEBC /* LaunchScreen.storyboard */; };
		6F2F46B328EF0DA7003CFEBC /* GoMarketTests.swift in Sources */ = {isa = PBXBuildFile; fileRef = 6F2F46B228EF0DA7003CFEBC /* GoMarketTests.swift */; };
		6F2F46BD28EF0DA7003CFEBC /* GoMarketUITests.swift in Sources */ = {isa = PBXBuildFile; fileRef = 6F2F46BC28EF0DA7003CFEBC /* GoMarketUITests.swift */; };
		6F2F46BF28EF0DA7003CFEBC /* GoMarketUITestsLaunchTests.swift in Sources */ = {isa = PBXBuildFile; fileRef = 6F2F46BE28EF0DA7003CFEBC /* GoMarketUITestsLaunchTests.swift */; };
/* End PBXBuildFile section */

/* Begin PBXContainerItemProxy section */
		6F2F46AF28EF0DA7003CFEBC /* PBXContainerItemProxy */ = {
			isa = PBXContainerItemProxy;
			containerPortal = 6F2F468D28EF0DA5003CFEBC /* Project object */;
			proxyType = 1;
			remoteGlobalIDString = 6F2F469428EF0DA5003CFEBC;
			remoteInfo = GoMarket;
		};
		6F2F46B928EF0DA7003CFEBC /* PBXContainerItemProxy */ = {
			isa = PBXContainerItemProxy;
			containerPortal = 6F2F468D28EF0DA5003CFEBC /* Project object */;
			proxyType = 1;
			remoteGlobalIDString = 6F2F469428EF0DA5003CFEBC;
			remoteInfo = GoMarket;
		};
/* End PBXContainerItemProxy section */

/* Begin PBXFileReference section */
		6F2F469528EF0DA5003CFEBC /* GoMarket.app */ = {isa = PBXFileReference; explicitFileType = wrapper.application; includeInIndex = 0; path = GoMarket.app; sourceTree = BUILT_PRODUCTS_DIR; };
		6F2F469828EF0DA5003CFEBC /* AppDelegate.swift */ = {isa = PBXFileReference; lastKnownFileType = sourcecode.swift; path = AppDelegate.swift; sourceTree = "<group>"; };
		6F2F469A28EF0DA5003CFEBC /* SceneDelegate.swift */ = {isa = PBXFileReference; lastKnownFileType = sourcecode.swift; path = SceneDelegate.swift; sourceTree = "<group>"; };
		6F2F469C28EF0DA5003CFEBC /* ViewController.swift */ = {isa = PBXFileReference; lastKnownFileType = sourcecode.swift; path = ViewController.swift; sourceTree = "<group>"; };
		6F2F469F28EF0DA5003CFEBC /* Base */ = {isa = PBXFileReference; lastKnownFileType = file.storyboard; name = Base; path = Base.lproj/Main.storyboard; sourceTree = "<group>"; };
		6F2F46A228EF0DA5003CFEBC /* GoMarket.xcdatamodel */ = {isa = PBXFileReference; lastKnownFileType = wrapper.xcdatamodel; path = GoMarket.xcdatamodel; sourceTree = "<group>"; };
		6F2F46A428EF0DA7003CFEBC /* Assets.xcassets */ = {isa = PBXFileReference; lastKnownFileType = folder.assetcatalog; path = Assets.xcassets; sourceTree = "<group>"; };
		6F2F46A728EF0DA7003CFEBC /* Base */ = {isa = PBXFileReference; lastKnownFileType = file.storyboard; name = Base; path = Base.lproj/LaunchScreen.storyboard; sourceTree = "<group>"; };
		6F2F46A928EF0DA7003CFEBC /* Info.plist */ = {isa = PBXFileReference; lastKnownFileType = text.plist.xml; path = Info.plist; sourceTree = "<group>"; };
		6F2F46AE28EF0DA7003CFEBC /* GoMarketTests.xctest */ = {isa = PBXFileReference; explicitFileType = wrapper.cfbundle; includeInIndex = 0; path = GoMarketTests.xctest; sourceTree = BUILT_PRODUCTS_DIR; };
		6F2F46B228EF0DA7003CFEBC /* GoMarketTests.swift */ = {isa = PBXFileReference; lastKnownFileType = sourcecode.swift; path = GoMarketTests.swift; sourceTree = "<group>"; };
		6F2F46B828EF0DA7003CFEBC /* GoMarketUITests.xctest */ = {isa = PBXFileReference; explicitFileType = wrapper.cfbundle; includeInIndex = 0; path = GoMarketUITests.xctest; sourceTree = BUILT_PRODUCTS_DIR; };
		6F2F46BC28EF0DA7003CFEBC /* GoMarketUITests.swift */ = {isa = PBXFileReference; lastKnownFileType = sourcecode.swift; path = GoMarketUITests.swift; sourceTree = "<group>"; };
		6F2F46BE28EF0DA7003CFEBC /* GoMarketUITestsLaunchTests.swift */ = {isa = PBXFileReference; lastKnownFileType = sourcecode.swift; path = GoMarketUITestsLaunchTests.swift; sourceTree = "<group>"; };
/* End PBXFileReference section */

/* Begin PBXFrameworksBuildPhase section */
		6F2F469228EF0DA5003CFEBC /* Frameworks */ = {
			isa = PBXFrameworksBuildPhase;
			buildActionMask = 2147483647;
			files = (
			);
			runOnlyForDeploymentPostprocessing = 0;
		};
		6F2F46AB28EF0DA7003CFEBC /* Frameworks */ = {
			isa = PBXFrameworksBuildPhase;
			buildActionMask = 2147483647;
			files = (
			);
			runOnlyForDeploymentPostprocessing = 0;
		};
		6F2F46B528EF0DA7003CFEBC /* Frameworks */ = {
			isa = PBXFrameworksBuildPhase;
			buildActionMask = 2147483647;
			files = (
			);
			runOnlyForDeploymentPostprocessing = 0;
		};
/* End PBXFrameworksBuildPhase section */

/* Begin PBXGroup section */
		6F2F468C28EF0DA5003CFEBC = {
			isa = PBXGroup;
			children = (
				6F2F469728EF0DA5003CFEBC /* GoMarket */,
				6F2F46B128EF0DA7003CFEBC /* GoMarketTests */,
				6F2F46BB28EF0DA7003CFEBC /* GoMarketUITests */,
				6F2F469628EF0DA5003CFEBC /* Products */,
			);
			sourceTree = "<group>";
		};
		6F2F469628EF0DA5003CFEBC /* Products */ = {
			isa = PBXGroup;
			children = (
				6F2F469528EF0DA5003CFEBC /* GoMarket.app */,
				6F2F46AE28EF0DA7003CFEBC /* GoMarketTests.xctest */,
				6F2F46B828EF0DA7003CFEBC /* GoMarketUITests.xctest */,
			);
			name = Products;
			sourceTree = "<group>";
		};
		6F2F469728EF0DA5003CFEBC /* GoMarket */ = {
			isa = PBXGroup;
			children = (
				6F2F469828EF0DA5003CFEBC /* AppDelegate.swift */,
				6F2F469A28EF0DA5003CFEBC /* SceneDelegate.swift */,
				6F2F469C28EF0DA5003CFEBC /* ViewController.swift */,
				6F2F469E28EF0DA5003CFEBC /* Main.storyboard */,
				6F2F46A428EF0DA7003CFEBC /* Assets.xcassets */,
				6F2F46A628EF0DA7003CFEBC /* LaunchScreen.storyboard */,
				6F2F46A928EF0DA7003CFEBC /* Info.plist */,
				6F2F46A128EF0DA5003CFEBC /* GoMarket.xcdatamodeld */,
			);
			path = GoMarket;
			sourceTree = "<group>";
		};
		6F2F46B128EF0DA7003CFEBC /* GoMarketTests */ = {
			isa = PBXGroup;
			children = (
				6F2F46B228EF0DA7003CFEBC /* GoMarketTests.swift */,
			);
			path = GoMarketTests;
			sourceTree = "<group>";
		};
		6F2F46BB28EF0DA7003CFEBC /* GoMarketUITests */ = {
			isa = PBXGroup;
			children = (
				6F2F46BC28EF0DA7003CFEBC /* GoMarketUITests.swift */,
				6F2F46BE28EF0DA7003CFEBC /* GoMarketUITestsLaunchTests.swift */,
			);
			path = GoMarketUITests;
			sourceTree = "<group>";
		};
/* End PBXGroup section */

/* Begin PBXNativeTarget section */
		6F2F469428EF0DA5003CFEBC /* GoMarket */ = {
			isa = PBXNativeTarget;
			buildConfigurationList = 6F2F46C228EF0DA7003CFEBC /* Build configuration list for PBXNativeTarget "GoMarket" */;
			buildPhases = (
				6F2F469128EF0DA5003CFEBC /* Sources */,
				6F2F469228EF0DA5003CFEBC /* Frameworks */,
				6F2F469328EF0DA5003CFEBC /* Resources */,
			);
			buildRules = (
			);
			dependencies = (
			);
			name = GoMarket;
			productName = GoMarket;
			productReference = 6F2F469528EF0DA5003CFEBC /* GoMarket.app */;
			productType = "com.apple.product-type.application";
		};
		6F2F46AD28EF0DA7003CFEBC /* GoMarketTests */ = {
			isa = PBXNativeTarget;
			buildConfigurationList = 6F2F46C528EF0DA7003CFEBC /* Build configuration list for PBXNativeTarget "GoMarketTests" */;
			buildPhases = (
				6F2F46AA28EF0DA7003CFEBC /* Sources */,
				6F2F46AB28EF0DA7003CFEBC /* Frameworks */,
				6F2F46AC28EF0DA7003CFEBC /* Resources */,
			);
			buildRules = (
			);
			dependencies = (
				6F2F46B028EF0DA7003CFEBC /* PBXTargetDependency */,
			);
			name = GoMarketTests;
			productName = GoMarketTests;
			productReference = 6F2F46AE28EF0DA7003CFEBC /* GoMarketTests.xctest */;
			productType = "com.apple.product-type.bundle.unit-test";
		};
		6F2F46B728EF0DA7003CFEBC /* GoMarketUITests */ = {
			isa = PBXNativeTarget;
			buildConfigurationList = 6F2F46C828EF0DA7003CFEBC /* Build configuration list for PBXNativeTarget "GoMarketUITests" */;
			buildPhases = (
				6F2F46B428EF0DA7003CFEBC /* Sources */,
				6F2F46B528EF0DA7003CFEBC /* Frameworks */,
				6F2F46B628EF0DA7003CFEBC /* Resources */,
			);
			buildRules = (
			);
			dependencies = (
				6F2F46BA28EF0DA7003CFEBC /* PBXTargetDependency */,
			);
			name = GoMarketUITests;
			productName = GoMarketUITests;
			productReference = 6F2F46B828EF0DA7003CFEBC /* GoMarketUITests.xctest */;
			productType = "com.apple.product-type.bundle.ui-testing";
		};
/* End PBXNativeTarget section */

/* Begin PBXProject section */
		6F2F468D28EF0DA5003CFEBC /* Project object */ = {
			isa = PBXProject;
			attributes = {
				BuildIndependentTargetsInParallel = 1;
				LastSwiftUpdateCheck = 1400;
				LastUpgradeCheck = 1400;
				TargetAttributes = {
					6F2F469428EF0DA5003CFEBC = {
						CreatedOnToolsVersion = 14.0.1;
					};
					6F2F46AD28EF0DA7003CFEBC = {
						CreatedOnToolsVersion = 14.0.1;
						TestTargetID = 6F2F469428EF0DA5003CFEBC;
					};
					6F2F46B728EF0DA7003CFEBC = {
						CreatedOnToolsVersion = 14.0.1;
						TestTargetID = 6F2F469428EF0DA5003CFEBC;
					};
				};
			};
			buildConfigurationList = 6F2F469028EF0DA5003CFEBC /* Build configuration list for PBXProject "GoMarket" */;
			compatibilityVersion = "Xcode 14.0";
			developmentRegion = en;
			hasScannedForEncodings = 0;
			knownRegions = (
				en,
				Base,
			);
			mainGroup = 6F2F468C28EF0DA5003CFEBC;
			productRefGroup = 6F2F469628EF0DA5003CFEBC /* Products */;
			projectDirPath = "";
			projectRoot = "";
			targets = (
				6F2F469428EF0DA5003CFEBC /* GoMarket */,
				6F2F46AD28EF0DA7003CFEBC /* GoMarketTests */,
				6F2F46B728EF0DA7003CFEBC /* GoMarketUITests */,
			);
		};
/* End PBXProject section */

/* Begin PBXResourcesBuildPhase section */
		6F2F469328EF0DA5003CFEBC /* Resources */ = {
			isa = PBXResourcesBuildPhase;
			buildActionMask = 2147483647;
			files = (
				6F2F46A828EF0DA7003CFEBC /* LaunchScreen.storyboard in Resources */,
				6F2F46A528EF0DA7003CFEBC /* Assets.xcassets in Resources */,
				6F2F46A028EF0DA5003CFEBC /* Main.storyboard in Resources */,
			);
			runOnlyForDeploymentPostprocessing = 0;
		};
		6F2F46AC28EF0DA7003CFEBC /* Resources */ = {
			isa = PBXResourcesBuildPhase;
			buildActionMask = 2147483647;
			files = (
			);
			runOnlyForDeploymentPostprocessing = 0;
		};
		6F2F46B628EF0DA7003CFEBC /* Resources */ = {
			isa = PBXResourcesBuildPhase;
			buildActionMask = 2147483647;
			files = (
			);
			runOnlyForDeploymentPostprocessing = 0;
		};
/* End PBXResourcesBuildPhase section */

/* Begin PBXSourcesBuildPhase section */
		6F2F469128EF0DA5003CFEBC /* Sources */ = {
			isa = PBXSourcesBuildPhase;
			buildActionMask = 2147483647;
			files = (
				6F2F469D28EF0DA5003CFEBC /* ViewController.swift in Sources */,
				6F2F469928EF0DA5003CFEBC /* AppDelegate.swift in Sources */,
				6F2F469B28EF0DA5003CFEBC /* SceneDelegate.swift in Sources */,
				6F2F46A328EF0DA5003CFEBC /* GoMarket.xcdatamodeld in Sources */,
			);
			runOnlyForDeploymentPostprocessing = 0;
		};
		6F2F46AA28EF0DA7003CFEBC /* Sources */ = {
			isa = PBXSourcesBuildPhase;
			buildActionMask = 2147483647;
			files = (
				6F2F46B328EF0DA7003CFEBC /* GoMarketTests.swift in Sources */,
			);
			runOnlyForDeploymentPostprocessing = 0;
		};
		6F2F46B428EF0DA7003CFEBC /* Sources */ = {
			isa = PBXSourcesBuildPhase;
			buildActionMask = 2147483647;
			files = (
				6F2F46BF28EF0DA7003CFEBC /* GoMarketUITestsLaunchTests.swift in Sources */,
				6F2F46BD28EF0DA7003CFEBC /* GoMarketUITests.swift in Sources */,
			);
			runOnlyForDeploymentPostprocessing = 0;
		};
/* End PBXSourcesBuildPhase section */

/* Begin PBXTargetDependency section */
		6F2F46B028EF0DA7003CFEBC /* PBXTargetDependency */ = {
			isa = PBXTargetDependency;
			target = 6F2F469428EF0DA5003CFEBC /* GoMarket */;
			targetProxy = 6F2F46AF28EF0DA7003CFEBC /* PBXContainerItemProxy */;
		};
		6F2F46BA28EF0DA7003CFEBC /* PBXTargetDependency */ = {
			isa = PBXTargetDependency;
			target = 6F2F469428EF0DA5003CFEBC /* GoMarket */;
			targetProxy = 6F2F46B928EF0DA7003CFEBC /* PBXContainerItemProxy */;
		};
/* End PBXTargetDependency section */

/* Begin PBXVariantGroup section */
		6F2F469E28EF0DA5003CFEBC /* Main.storyboard */ = {
			isa = PBXVariantGroup;
			children = (
				6F2F469F28EF0DA5003CFEBC /* Base */,
			);
			name = Main.storyboard;
			sourceTree = "<group>";
		};
		6F2F46A628EF0DA7003CFEBC /* LaunchScreen.storyboard */ = {
			isa = PBXVariantGroup;
			children = (
				6F2F46A728EF0DA7003CFEBC /* Base */,
			);
			name = LaunchScreen.storyboard;
			sourceTree = "<group>";
		};
/* End PBXVariantGroup section */

/* Begin XCBuildConfiguration section */
		6F2F46C028EF0DA7003CFEBC /* Debug */ = {
			isa = XCBuildConfiguration;
			buildSettings = {
				ALWAYS_SEARCH_USER_PATHS = NO;
				CLANG_ANALYZER_NONNULL = YES;
				CLANG_ANALYZER_NUMBER_OBJECT_CONVERSION = YES_AGGRESSIVE;
				CLANG_CXX_LANGUAGE_STANDARD = "gnu++20";
				CLANG_ENABLE_MODULES = YES;
				CLANG_ENABLE_OBJC_ARC = YES;
				CLANG_ENABLE_OBJC_WEAK = YES;
				CLANG_WARN_BLOCK_CAPTURE_AUTORELEASING = YES;
				CLANG_WARN_BOOL_CONVERSION = YES;
				CLANG_WARN_COMMA = YES;
				CLANG_WARN_CONSTANT_CONVERSION = YES;
				CLANG_WARN_DEPRECATED_OBJC_IMPLEMENTATIONS = YES;
				CLANG_WARN_DIRECT_OBJC_ISA_USAGE = YES_ERROR;
				CLANG_WARN_DOCUMENTATION_COMMENTS = YES;
				CLANG_WARN_EMPTY_BODY = YES;
				CLANG_WARN_ENUM_CONVERSION = YES;
				CLANG_WARN_INFINITE_RECURSION = YES;
				CLANG_WARN_INT_CONVERSION = YES;
				CLANG_WARN_NON_LITERAL_NULL_CONVERSION = YES;
				CLANG_WARN_OBJC_IMPLICIT_RETAIN_SELF = YES;
				CLANG_WARN_OBJC_LITERAL_CONVERSION = YES;
				CLANG_WARN_OBJC_ROOT_CLASS = YES_ERROR;
				CLANG_WARN_QUOTED_INCLUDE_IN_FRAMEWORK_HEADER = YES;
				CLANG_WARN_RANGE_LOOP_ANALYSIS = YES;
				CLANG_WARN_STRICT_PROTOTYPES = YES;
				CLANG_WARN_SUSPICIOUS_MOVE = YES;
				CLANG_WARN_UNGUARDED_AVAILABILITY = YES_AGGRESSIVE;
				CLANG_WARN_UNREACHABLE_CODE = YES;
				CLANG_WARN__DUPLICATE_METHOD_MATCH = YES;
				COPY_PHASE_STRIP = NO;
				DEBUG_INFORMATION_FORMAT = dwarf;
				ENABLE_STRICT_OBJC_MSGSEND = YES;
				ENABLE_TESTABILITY = YES;
				GCC_C_LANGUAGE_STANDARD = gnu11;
				GCC_DYNAMIC_NO_PIC = NO;
				GCC_NO_COMMON_BLOCKS = YES;
				GCC_OPTIMIZATION_LEVEL = 0;
				GCC_PREPROCESSOR_DEFINITIONS = (
					"DEBUG=1",
					"$(inherited)",
				);
				GCC_WARN_64_TO_32_BIT_CONVERSION = YES;
				GCC_WARN_ABOUT_RETURN_TYPE = YES_ERROR;
				GCC_WARN_UNDECLARED_SELECTOR = YES;
				GCC_WARN_UNINITIALIZED_AUTOS = YES_AGGRESSIVE;
				GCC_WARN_UNUSED_FUNCTION = YES;
				GCC_WARN_UNUSED_VARIABLE = YES;
				IPHONEOS_DEPLOYMENT_TARGET = 16.0;
				MTL_ENABLE_DEBUG_INFO = INCLUDE_SOURCE;
				MTL_FAST_MATH = YES;
				ONLY_ACTIVE_ARCH = YES;
				SDKROOT = iphoneos;
				SWIFT_ACTIVE_COMPILATION_CONDITIONS = DEBUG;
				SWIFT_OPTIMIZATION_LEVEL = "-Onone";
			};
			name = Debug;
		};
		6F2F46C128EF0DA7003CFEBC /* Release */ = {
			isa = XCBuildConfiguration;
			buildSettings = {
				ALWAYS_SEARCH_USER_PATHS = NO;
				CLANG_ANALYZER_NONNULL = YES;
				CLANG_ANALYZER_NUMBER_OBJECT_CONVERSION = YES_AGGRESSIVE;
				CLANG_CXX_LANGUAGE_STANDARD = "gnu++20";
				CLANG_ENABLE_MODULES = YES;
				CLANG_ENABLE_OBJC_ARC = YES;
				CLANG_ENABLE_OBJC_WEAK = YES;
				CLANG_WARN_BLOCK_CAPTURE_AUTORELEASING = YES;
				CLANG_WARN_BOOL_CONVERSION = YES;
				CLANG_WARN_COMMA = YES;
				CLANG_WARN_CONSTANT_CONVERSION = YES;
				CLANG_WARN_DEPRECATED_OBJC_IMPLEMENTATIONS = YES;
				CLANG_WARN_DIRECT_OBJC_ISA_USAGE = YES_ERROR;
				CLANG_WARN_DOCUMENTATION_COMMENTS = YES;
				CLANG_WARN_EMPTY_BODY = YES;
				CLANG_WARN_ENUM_CONVERSION = YES;
				CLANG_WARN_INFINITE_RECURSION = YES;
				CLANG_WARN_INT_CONVERSION = YES;
				CLANG_WARN_NON_LITERAL_NULL_CONVERSION = YES;
				CLANG_WARN_OBJC_IMPLICIT_RETAIN_SELF = YES;
				CLANG_WARN_OBJC_LITERAL_CONVERSION = YES;
				CLANG_WARN_OBJC_ROOT_CLASS = YES_ERROR;
				CLANG_WARN_QUOTED_INCLUDE_IN_FRAMEWORK_HEADER = YES;
				CLANG_WARN_RANGE_LOOP_ANALYSIS = YES;
				CLANG_WARN_STRICT_PROTOTYPES = YES;
				CLANG_WARN_SUSPICIOUS_MOVE = YES;
				CLANG_WARN_UNGUARDED_AVAILABILITY = YES_AGGRESSIVE;
				CLANG_WARN_UNREACHABLE_CODE = YES;
				CLANG_WARN__DUPLICATE_METHOD_MATCH = YES;
				COPY_PHASE_STRIP = NO;
				DEBUG_INFORMATION_FORMAT = "dwarf-with-dsym";
				ENABLE_NS_ASSERTIONS = NO;
				ENABLE_STRICT_OBJC_MSGSEND = YES;
				GCC_C_LANGUAGE_STANDARD = gnu11;
				GCC_NO_COMMON_BLOCKS = YES;
				GCC_WARN_64_TO_32_BIT_CONVERSION = YES;
				GCC_WARN_ABOUT_RETURN_TYPE = YES_ERROR;
				GCC_WARN_UNDECLARED_SELECTOR = YES;
				GCC_WARN_UNINITIALIZED_AUTOS = YES_AGGRESSIVE;
				GCC_WARN_UNUSED_FUNCTION = YES;
				GCC_WARN_UNUSED_VARIABLE = YES;
				IPHONEOS_DEPLOYMENT_TARGET = 16.0;
				MTL_ENABLE_DEBUG_INFO = NO;
				MTL_FAST_MATH = YES;
				SDKROOT = iphoneos;
				SWIFT_COMPILATION_MODE = wholemodule;
				SWIFT_OPTIMIZATION_LEVEL = "-O";
				VALIDATE_PRODUCT = YES;
			};
			name = Release;
		};
		6F2F46C328EF0DA7003CFEBC /* Debug */ = {
			isa = XCBuildConfiguration;
			buildSettings = {
				ASSETCATALOG_COMPILER_APPICON_NAME = AppIcon;
				ASSETCATALOG_COMPILER_GLOBAL_ACCENT_COLOR_NAME = AccentColor;
				CODE_SIGN_STYLE = Automatic;
				CURRENT_PROJECT_VERSION = 1;
				DEVELOPMENT_TEAM = FUF6MLCW8N;
				GENERATE_INFOPLIST_FILE = YES;
				INFOPLIST_FILE = GoMarket/Info.plist;
				INFOPLIST_KEY_UIApplicationSupportsIndirectInputEvents = YES;
				INFOPLIST_KEY_UILaunchStoryboardName = LaunchScreen;
				INFOPLIST_KEY_UIMainStoryboardFile = Main;
				INFOPLIST_KEY_UISupportedInterfaceOrientations_iPad = "UIInterfaceOrientationPortrait UIInterfaceOrientationPortraitUpsideDown UIInterfaceOrientationLandscapeLeft UIInterfaceOrientationLandscapeRight";
				INFOPLIST_KEY_UISupportedInterfaceOrientations_iPhone = "UIInterfaceOrientationPortrait UIInterfaceOrientationLandscapeLeft UIInterfaceOrientationLandscapeRight";
				LD_RUNPATH_SEARCH_PATHS = (
					"$(inherited)",
					"@executable_path/Frameworks",
				);
				MARKETING_VERSION = 1.0;
				PRODUCT_BUNDLE_IDENTIFIER = obss.GoMarket;
				PRODUCT_NAME = "$(TARGET_NAME)";
				SWIFT_EMIT_LOC_STRINGS = YES;
				SWIFT_VERSION = 5.0;
				TARGETED_DEVICE_FAMILY = "1,2";
			};
			name = Debug;
		};
		6F2F46C428EF0DA7003CFEBC /* Release */ = {
			isa = XCBuildConfiguration;
			buildSettings = {
				ASSETCATALOG_COMPILER_APPICON_NAME = AppIcon;
				ASSETCATALOG_COMPILER_GLOBAL_ACCENT_COLOR_NAME = AccentColor;
				CODE_SIGN_STYLE = Automatic;
				CURRENT_PROJECT_VERSION = 1;
				DEVELOPMENT_TEAM = FUF6MLCW8N;
				GENERATE_INFOPLIST_FILE = YES;
				INFOPLIST_FILE = GoMarket/Info.plist;
				INFOPLIST_KEY_UIApplicationSupportsIndirectInputEvents = YES;
				INFOPLIST_KEY_UILaunchStoryboardName = LaunchScreen;
				INFOPLIST_KEY_UIMainStoryboardFile = Main;
				INFOPLIST_KEY_UISupportedInterfaceOrientations_iPad = "UIInterfaceOrientationPortrait UIInterfaceOrientationPortraitUpsideDown UIInterfaceOrientationLandscapeLeft UIInterfaceOrientationLandscapeRight";
				INFOPLIST_KEY_UISupportedInterfaceOrientations_iPhone = "UIInterfaceOrientationPortrait UIInterfaceOrientationLandscapeLeft UIInterfaceOrientationLandscapeRight";
				LD_RUNPATH_SEARCH_PATHS = (
					"$(inherited)",
					"@executable_path/Frameworks",
				);
				MARKETING_VERSION = 1.0;
				PRODUCT_BUNDLE_IDENTIFIER = obss.GoMarket;
				PRODUCT_NAME = "$(TARGET_NAME)";
				SWIFT_EMIT_LOC_STRINGS = YES;
				SWIFT_VERSION = 5.0;
				TARGETED_DEVICE_FAMILY = "1,2";
			};
			name = Release;
		};
		6F2F46C628EF0DA7003CFEBC /* Debug */ = {
			isa = XCBuildConfiguration;
			buildSettings = {
				ALWAYS_EMBED_SWIFT_STANDARD_LIBRARIES = YES;
				BUNDLE_LOADER = "$(TEST_HOST)";
				CODE_SIGN_STYLE = Automatic;
				CURRENT_PROJECT_VERSION = 1;
				DEVELOPMENT_TEAM = FUF6MLCW8N;
				GENERATE_INFOPLIST_FILE = YES;
				IPHONEOS_DEPLOYMENT_TARGET = 16.0;
				MARKETING_VERSION = 1.0;
				PRODUCT_BUNDLE_IDENTIFIER = obss.GoMarketTests;
				PRODUCT_NAME = "$(TARGET_NAME)";
				SWIFT_EMIT_LOC_STRINGS = NO;
				SWIFT_VERSION = 5.0;
				TARGETED_DEVICE_FAMILY = "1,2";
				TEST_HOST = "$(BUILT_PRODUCTS_DIR)/GoMarket.app/$(BUNDLE_EXECUTABLE_FOLDER_PATH)/GoMarket";
			};
			name = Debug;
		};
		6F2F46C728EF0DA7003CFEBC /* Release */ = {
			isa = XCBuildConfiguration;
			buildSettings = {
				ALWAYS_EMBED_SWIFT_STANDARD_LIBRARIES = YES;
				BUNDLE_LOADER = "$(TEST_HOST)";
				CODE_SIGN_STYLE = Automatic;
				CURRENT_PROJECT_VERSION = 1;
				DEVELOPMENT_TEAM = FUF6MLCW8N;
				GENERATE_INFOPLIST_FILE = YES;
				IPHONEOS_DEPLOYMENT_TARGET = 16.0;
				MARKETING_VERSION = 1.0;
				PRODUCT_BUNDLE_IDENTIFIER = obss.GoMarketTests;
				PRODUCT_NAME = "$(TARGET_NAME)";
				SWIFT_EMIT_LOC_STRINGS = NO;
				SWIFT_VERSION = 5.0;
				TARGETED_DEVICE_FAMILY = "1,2";
				TEST_HOST = "$(BUILT_PRODUCTS_DIR)/GoMarket.app/$(BUNDLE_EXECUTABLE_FOLDER_PATH)/GoMarket";
			};
			name = Release;
		};
		6F2F46C928EF0DA7003CFEBC /* Debug */ = {
			isa = XCBuildConfiguration;
			buildSettings = {
				ALWAYS_EMBED_SWIFT_STANDARD_LIBRARIES = YES;
				CODE_SIGN_STYLE = Automatic;
				CURRENT_PROJECT_VERSION = 1;
				DEVELOPMENT_TEAM = FUF6MLCW8N;
				GENERATE_INFOPLIST_FILE = YES;
				MARKETING_VERSION = 1.0;
				PRODUCT_BUNDLE_IDENTIFIER = obss.GoMarketUITests;
				PRODUCT_NAME = "$(TARGET_NAME)";
				SWIFT_EMIT_LOC_STRINGS = NO;
				SWIFT_VERSION = 5.0;
				TARGETED_DEVICE_FAMILY = "1,2";
				TEST_TARGET_NAME = GoMarket;
			};
			name = Debug;
		};
		6F2F46CA28EF0DA7003CFEBC /* Release */ = {
			isa = XCBuildConfiguration;
			buildSettings = {
				ALWAYS_EMBED_SWIFT_STANDARD_LIBRARIES = YES;
				CODE_SIGN_STYLE = Automatic;
				CURRENT_PROJECT_VERSION = 1;
				DEVELOPMENT_TEAM = FUF6MLCW8N;
				GENERATE_INFOPLIST_FILE = YES;
				MARKETING_VERSION = 1.0;
				PRODUCT_BUNDLE_IDENTIFIER = obss.GoMarketUITests;
				PRODUCT_NAME = "$(TARGET_NAME)";
				SWIFT_EMIT_LOC_STRINGS = NO;
				SWIFT_VERSION = 5.0;
				TARGETED_DEVICE_FAMILY = "1,2";
				TEST_TARGET_NAME = GoMarket;
			};
			name = Release;
		};
/* End XCBuildConfiguration section */

/* Begin XCConfigurationList section */
		6F2F469028EF0DA5003CFEBC /* Build configuration list for PBXProject "GoMarket" */ = {
			isa = XCConfigurationList;
			buildConfigurations = (
				6F2F46C028EF0DA7003CFEBC /* Debug */,
				6F2F46C128EF0DA7003CFEBC /* Release */,
			);
			defaultConfigurationIsVisible = 0;
			defaultConfigurationName = Release;
		};
		6F2F46C228EF0DA7003CFEBC /* Build configuration list for PBXNativeTarget "GoMarket" */ = {
			isa = XCConfigurationList;
			buildConfigurations = (
				6F2F46C328EF0DA7003CFEBC /* Debug */,
				6F2F46C428EF0DA7003CFEBC /* Release */,
			);
			defaultConfigurationIsVisible = 0;
			defaultConfigurationName = Release;
		};
		6F2F46C528EF0DA7003CFEBC /* Build configuration list for PBXNativeTarget "GoMarketTests" */ = {
			isa = XCConfigurationList;
			buildConfigurations = (
				6F2F46C628EF0DA7003CFEBC /* Debug */,
				6F2F46C728EF0DA7003CFEBC /* Release */,
			);
			defaultConfigurationIsVisible = 0;
			defaultConfigurationName = Release;
		};
		6F2F46C828EF0DA7003CFEBC /* Build configuration list for PBXNativeTarget "GoMarketUITests" */ = {
			isa = XCConfigurationList;
			buildConfigurations = (
				6F2F46C928EF0DA7003CFEBC /* Debug */,
				6F2F46CA28EF0DA7003CFEBC /* Release */,
			);
			defaultConfigurationIsVisible = 0;
			defaultConfigurationName = Release;
		};
/* End XCConfigurationList section */

/* Begin XCVersionGroup section */
		6F2F46A128EF0DA5003CFEBC /* GoMarket.xcdatamodeld */ = {
			isa = XCVersionGroup;
			children = (
				6F2F46A228EF0DA5003CFEBC /* GoMarket.xcdatamodel */,
			);
			currentVersion = 6F2F46A228EF0DA5003CFEBC /* GoMarket.xcdatamodel */;
			path = GoMarket.xcdatamodeld;
			sourceTree = "<group>";
			versionGroupType = wrapper.xcdatamodel;
		};
/* End XCVersionGroup section */
	};
	rootObject = 6F2F468D28EF0DA5003CFEBC /* Project object */;
}
